
Microsoft Visual Studio Solution File, Format Version 12.00
# Visual Studio Version 16
VisualStudioVersion = 16.0.29613.14
MinimumVisualStudioVersion = 10.0.40219.1
Project("{FAE04EC0-301F-11D3-BF4B-00C04F79EFBC}") = "GraphQLIn.Net", "GraphQLIn.Net\GraphQLIn.Net.csproj", "{D816EC90-40C3-4CFB-A19C-FB3D59CC00E6}"
EndProject
Project("{FAE04EC0-301F-11D3-BF4B-00C04F79EFBC}") = "ShopSchema", "ShopSchema\ShopSchema.csproj", "{62537B42-A943-4D5B-B771-7B28D499E2D0}"
EndProject
Global
	GlobalSection(SolutionConfigurationPlatforms) = preSolution
		Debug|Any CPU = Debug|Any CPU
		Release|Any CPU = Release|Any CPU
	EndGlobalSection
	GlobalSection(ProjectConfigurationPlatforms) = postSolution
		{D816EC90-40C3-4CFB-A19C-FB3D59CC00E6}.Debug|Any CPU.ActiveCfg = Debug|Any CPU
		{D816EC90-40C3-4CFB-A19C-FB3D59CC00E6}.Debug|Any CPU.Build.0 = Debug|Any CPU
		{D816EC90-40C3-4CFB-A19C-FB3D59CC00E6}.Release|Any CPU.ActiveCfg = Release|Any CPU
		{D816EC90-40C3-4CFB-A19C-FB3D59CC00E6}.Release|Any CPU.Build.0 = Release|Any CPU
		{62537B42-A943-4D5B-B771-7B28D499E2D0}.Debug|Any CPU.ActiveCfg = Debug|Any CPU
		{62537B42-A943-4D5B-B771-7B28D499E2D0}.Debug|Any CPU.Build.0 = Debug|Any CPU
		{62537B42-A943-4D5B-B771-7B28D499E2D0}.Release|Any CPU.ActiveCfg = Release|Any CPU
		{62537B42-A943-4D5B-B771-7B28D499E2D0}.Release|Any CPU.Build.0 = Release|Any CPU
	EndGlobalSection
	GlobalSection(SolutionProperties) = preSolution
		HideSolutionNode = FALSE
	EndGlobalSection
	GlobalSection(ExtensibilityGlobals) = postSolution
		SolutionGuid = {70614C09-8C9F-4074-9394-D2450B57902D}
	EndGlobalSection
EndGlobal
